<?xml version="1.0" encoding="utf-8"?>
<Project ToolsVersion="4.0" xmlns="http://schemas.microsoft.com/developer/msbuild/2003">
  <ItemGroup>
    <ClCompile Include="src\AbstractCarrier.cpp">
      <Filter>Source Files</Filter>
    </ClCompile>
    <ClCompile Include="src\Address.cpp">
      <Filter>Source Files</Filter>
    </ClCompile>
    <ClCompile Include="src\AuthHMAC.cpp">
      <Filter>Source Files</Filter>
    </ClCompile>
    <ClCompile Include="src\Bottle.cpp">
      <Filter>Source Files</Filter>
    </ClCompile>
    <ClCompile Include="src\BottleImpl.cpp">
      <Filter>Source Files</Filter>
    </ClCompile>
    <ClCompile Include="src\BufferedConnectionWriter.cpp">
      <Filter>Source Files</Filter>
    </ClCompile>
    <ClCompile Include="src\Bytes.cpp">
      <Filter>Source Files</Filter>
    </ClCompile>
    <ClCompile Include="src\Carriers.cpp">
      <Filter>Source Files</Filter>
    </ClCompile>
    <ClCompile Include="src\Companion.cpp">
      <Filter>Source Files</Filter>
    </ClCompile>
    <ClCompile Include="src\ConnectionReader.cpp">
      <Filter>Source Files</Filter>
    </ClCompile>
    <ClCompile Include="src\ConnectionWriter.cpp">
      <Filter>Source Files</Filter>
    </ClCompile>
    <ClCompile Include="src\ConstString.cpp">
      <Filter>Source Files</Filter>
    </ClCompile>
    <ClCompile Include="src\Contact.cpp">
      <Filter>Source Files</Filter>
    </ClCompile>
    <ClCompile Include="src\Contactable.cpp">
      <Filter>Source Files</Filter>
    </ClCompile>
    <ClCompile Include="src\ContactStyle.cpp">
      <Filter>Source Files</Filter>
    </ClCompile>
    <ClCompile Include="src\DgramTwoWayStream.cpp">
      <Filter>Source Files</Filter>
    </ClCompile>
    <ClCompile Include="src\Dispatcher.cpp">
      <Filter>Source Files</Filter>
    </ClCompile>
    <ClCompile Include="src\DummyConnector.cpp">
      <Filter>Source Files</Filter>
    </ClCompile>
    <ClCompile Include="src\Election.cpp">
      <Filter>Source Files</Filter>
    </ClCompile>
    <ClCompile Include="src\Event.cpp">
      <Filter>Source Files</Filter>
    </ClCompile>
    <ClCompile Include="src\FakeFace.cpp">
      <Filter>Source Files</Filter>
    </ClCompile>
    <ClCompile Include="src\FallbackNameClient.cpp">
      <Filter>Source Files</Filter>
    </ClCompile>
    <ClCompile Include="src\FallbackNameServer.cpp">
      <Filter>Source Files</Filter>
    </ClCompile>
    <ClCompile Include="src\HttpCarrier.cpp">
      <Filter>Source Files</Filter>
    </ClCompile>
    <ClCompile Include="src\IConfig.cpp">
      <Filter>Source Files</Filter>
    </ClCompile>
    <ClCompile Include="src\LocalCarrier.cpp">
      <Filter>Source Files</Filter>
    </ClCompile>
    <ClCompile Include="src\Logger.cpp">
      <Filter>Source Files</Filter>
    </ClCompile>
    <ClCompile Include="src\ManagedBytes.cpp">
      <Filter>Source Files</Filter>
    </ClCompile>
    <ClCompile Include="src\McastCarrier.cpp">
      <Filter>Source Files</Filter>
    </ClCompile>
    <ClCompile Include="src\ModifyingCarrier.cpp">
      <Filter>Source Files</Filter>
    </ClCompile>
    <ClCompile Include="src\Module.cpp">
      <Filter>Source Files</Filter>
    </ClCompile>
    <ClCompile Include="src\MultiNameSpace.cpp">
      <Filter>Source Files</Filter>
    </ClCompile>
    <ClCompile Include="src\Name.cpp">
      <Filter>Source Files</Filter>
    </ClCompile>
    <ClCompile Include="src\NameClient.cpp">
      <Filter>Source Files</Filter>
    </ClCompile>
    <ClCompile Include="src\NameConfig.cpp">
      <Filter>Source Files</Filter>
    </ClCompile>
    <ClCompile Include="src\NameserCarrier.cpp">
      <Filter>Source Files</Filter>
    </ClCompile>
    <ClCompile Include="src\NameServer.cpp">
      <Filter>Source Files</Filter>
    </ClCompile>
    <ClCompile Include="src\NameSpace.cpp">
      <Filter>Source Files</Filter>
    </ClCompile>
    <ClCompile Include="src\NameStore.cpp">
      <Filter>Source Files</Filter>
    </ClCompile>
    <ClCompile Include="src\NetFloat32.cpp">
      <Filter>Source Files</Filter>
    </ClCompile>
    <ClCompile Include="src\NetFloat64.cpp">
      <Filter>Source Files</Filter>
    </ClCompile>
    <ClCompile Include="src\NetInt16.cpp">
      <Filter>Source Files</Filter>
    </ClCompile>
    <ClCompile Include="src\NetInt32.cpp">
      <Filter>Source Files</Filter>
    </ClCompile>
    <ClCompile Include="src\NetInt64.cpp">
      <Filter>Source Files</Filter>
    </ClCompile>
    <ClCompile Include="src\NetType.cpp">
      <Filter>Source Files</Filter>
    </ClCompile>
    <ClCompile Include="src\NetUint16.cpp">
      <Filter>Source Files</Filter>
    </ClCompile>
    <ClCompile Include="src\NetUint32.cpp">
      <Filter>Source Files</Filter>
    </ClCompile>
    <ClCompile Include="src\NetUint64.cpp">
      <Filter>Source Files</Filter>
    </ClCompile>
    <ClCompile Include="src\Network.cpp">
      <Filter>Source Files</Filter>
    </ClCompile>
    <ClCompile Include="src\NullConnectionReader.cpp">
      <Filter>Source Files</Filter>
    </ClCompile>
    <ClCompile Include="src\NullConnectionWriter.cpp">
      <Filter>Source Files</Filter>
    </ClCompile>
    <ClCompile Include="src\Os.cpp">
      <Filter>Source Files</Filter>
    </ClCompile>
    <ClCompile Include="src\Ping.cpp">
      <Filter>Source Files</Filter>
    </ClCompile>
    <ClCompile Include="src\Port.cpp">
      <Filter>Source Files</Filter>
    </ClCompile>
    <ClCompile Include="src\PortablePair.cpp">
      <Filter>Source Files</Filter>
    </ClCompile>
    <ClCompile Include="src\PortCommand.cpp">
      <Filter>Source Files</Filter>
    </ClCompile>
    <ClCompile Include="src\PortCore.cpp">
      <Filter>Source Files</Filter>
    </ClCompile>
    <ClCompile Include="src\PortCoreInputUnit.cpp">
      <Filter>Source Files</Filter>
    </ClCompile>
    <ClCompile Include="src\PortCoreOutputUnit.cpp">
      <Filter>Source Files</Filter>
    </ClCompile>
    <ClCompile Include="src\PortInfo.cpp">
      <Filter>Source Files</Filter>
    </ClCompile>
    <ClCompile Include="src\PortReader.cpp">
      <Filter>Source Files</Filter>
    </ClCompile>
    <ClCompile Include="src\PortReaderBuffer.cpp">
      <Filter>Source Files</Filter>
    </ClCompile>
    <ClCompile Include="src\PortReaderCreator.cpp">
      <Filter>Source Files</Filter>
    </ClCompile>
    <ClCompile Include="src\PortReport.cpp">
      <Filter>Source Files</Filter>
    </ClCompile>
    <ClCompile Include="src\PortWriter.cpp">
      <Filter>Source Files</Filter>
    </ClCompile>
    <ClCompile Include="src\PortWriterBuffer.cpp">
      <Filter>Source Files</Filter>
    </ClCompile>
    <ClCompile Include="src\Property.cpp">
      <Filter>Source Files</Filter>
    </ClCompile>
    <ClCompile Include="src\Protocol.cpp">
      <Filter>Source Files</Filter>
    </ClCompile>
    <ClCompile Include="src\Random.cpp">
      <Filter>Source Files</Filter>
    </ClCompile>
    <ClCompile Include="src\RateThread.cpp">
      <Filter>Source Files</Filter>
    </ClCompile>
    <ClCompile Include="src\ResourceFinder.cpp">
      <Filter>Source Files</Filter>
    </ClCompile>
    <ClCompile Include="src\RFModule.cpp">
      <Filter>Source Files</Filter>
    </ClCompile>
    <ClCompile Include="src\RosNameSpace.cpp">
      <Filter>Source Files</Filter>
    </ClCompile>
    <ClCompile Include="src\RpcClient.cpp">
      <Filter>Source Files</Filter>
    </ClCompile>
    <ClCompile Include="src\RpcServer.cpp">
      <Filter>Source Files</Filter>
    </ClCompile>
    <ClCompile Include="src\Run.cpp">
      <Filter>Source Files</Filter>
    </ClCompile>
    <ClCompile Include="src\RunCheckpoints.cpp">
      <Filter>Source Files</Filter>
    </ClCompile>
    <ClCompile Include="src\RunProcManager.cpp">
      <Filter>Source Files</Filter>
    </ClCompile>
    <ClCompile Include="src\RunReadWrite.cpp">
      <Filter>Source Files</Filter>
    </ClCompile>
    <ClCompile Include="src\Searchable.cpp">
      <Filter>Source Files</Filter>
    </ClCompile>
    <ClCompile Include="src\Semaphore.cpp">
      <Filter>Source Files</Filter>
    </ClCompile>
    <ClCompile Include="src\SharedLibrary.cpp">
      <Filter>Source Files</Filter>
    </ClCompile>
    <ClCompile Include="src\ShmemCarrier.cpp">
      <Filter>Source Files</Filter>
    </ClCompile>
    <ClCompile Include="src\ShmemHybridStream.cpp">
      <Filter>Source Files</Filter>
    </ClCompile>
    <ClCompile Include="src\ShmemInputStream.cpp">
      <Filter>Source Files</Filter>
    </ClCompile>
    <ClCompile Include="src\ShmemOutputStream.cpp">
      <Filter>Source Files</Filter>
    </ClCompile>
    <ClCompile Include="src\ShmemTwoWayStream.cpp">
      <Filter>Source Files</Filter>
    </ClCompile>
    <ClCompile Include="src\SocketTwoWayStream.cpp">
      <Filter>Source Files</Filter>
    </ClCompile>
    <ClCompile Include="src\Stamp.cpp">
      <Filter>Source Files</Filter>
    </ClCompile>
    <ClCompile Include="src\StreamConnectionReader.cpp">
      <Filter>Source Files</Filter>
    </ClCompile>
    <ClCompile Include="src\SystemInfo.cpp">
      <Filter>Source Files</Filter>
    </ClCompile>
    <ClCompile Include="src\TcpAcceptor.cpp">
      <Filter>Source Files</Filter>
    </ClCompile>
    <ClCompile Include="src\TcpCarrier.cpp">
      <Filter>Source Files</Filter>
    </ClCompile>
    <ClCompile Include="src\TcpConnector.cpp">
      <Filter>Source Files</Filter>
    </ClCompile>
    <ClCompile Include="src\TcpFace.cpp">
      <Filter>Source Files</Filter>
    </ClCompile>
    <ClCompile Include="src\TcpStream.cpp">
      <Filter>Source Files</Filter>
    </ClCompile>
    <ClCompile Include="src\Terminator.cpp">
      <Filter>Source Files</Filter>
    </ClCompile>
    <ClCompile Include="src\TextCarrier.cpp">
      <Filter>Source Files</Filter>
    </ClCompile>
    <ClCompile Include="src\Thread.cpp">
      <Filter>Source Files</Filter>
    </ClCompile>
    <ClCompile Include="src\ThreadImpl.cpp">
      <Filter>Source Files</Filter>
    </ClCompile>
    <ClCompile Include="src\Time.cpp">
      <Filter>Source Files</Filter>
    </ClCompile>
    <ClCompile Include="src\TwoWayStream.cpp">
      <Filter>Source Files</Filter>
    </ClCompile>
    <ClCompile Include="src\UdpCarrier.cpp">
      <Filter>Source Files</Filter>
    </ClCompile>
    <ClCompile Include="src\UnitTest.cpp">
      <Filter>Source Files</Filter>
    </ClCompile>
    <ClCompile Include="src\Value.cpp">
      <Filter>Source Files</Filter>
    </ClCompile>
    <ClCompile Include="src\Vocab.cpp">
      <Filter>Source Files</Filter>
    </ClCompile>
    <ClCompile Include="src\YarpNameSpace.cpp">
      <Filter>Source Files</Filter>
    </ClCompile>
    <ClCompile Include="src\YarpPlugin.cpp">
      <Filter>Source Files</Filter>
    </ClCompile>
    <ClCompile Include="src\ydr.cpp">
      <Filter>Source Files</Filter>
    </ClCompile>
    <ClCompile Include="src\hmac_sha2.c">
      <Filter>Source Files</Filter>
    </ClCompile>
    <ClCompile Include="src\sha2.c">
      <Filter>Source Files</Filter>
    </ClCompile>
  </ItemGroup>
  <ItemGroup>
    <ClInclude Include="include\yarp\os\all.h">
      <Filter>Header Files</Filter>
    </ClInclude>
    <ClInclude Include="include\yarp\os\api.h">
      <Filter>Header Files</Filter>
    </ClInclude>
    <ClInclude Include="include\yarp\os\begin_pack_for_net.h">
      <Filter>Header Files</Filter>
    </ClInclude>
    <ClInclude Include="include\yarp\os\BinPortable.h">
      <Filter>Header Files</Filter>
    </ClInclude>
    <ClInclude Include="include\yarp\os\Bottle.h">
      <Filter>Header Files</Filter>
    </ClInclude>
    <ClInclude Include="include\yarp\os\BufferedPort.h">
      <Filter>Header Files</Filter>
    </ClInclude>
    <ClInclude Include="include\yarp\os\Bytes.h">
      <Filter>Header Files</Filter>
    </ClInclude>
    <ClInclude Include="include\yarp\os\Connection.h">
      <Filter>Header Files</Filter>
    </ClInclude>
    <ClInclude Include="include\yarp\os\ConnectionReader.h">
      <Filter>Header Files</Filter>
    </ClInclude>
    <ClInclude Include="include\yarp\os\ConnectionWriter.h">
      <Filter>Header Files</Filter>
    </ClInclude>
    <ClInclude Include="include\yarp\os\ConstString.h">
      <Filter>Header Files</Filter>
    </ClInclude>
    <ClInclude Include="include\yarp\os\Contact.h">
      <Filter>Header Files</Filter>
    </ClInclude>
    <ClInclude Include="include\yarp\os\Contactable.h">
      <Filter>Header Files</Filter>
    </ClInclude>
    <ClInclude Include="include\yarp\os\ContactStyle.h">
      <Filter>Header Files</Filter>
    </ClInclude>
    <ClInclude Include="include\yarp\os\DummyConnector.h">
      <Filter>Header Files</Filter>
    </ClInclude>
    <ClInclude Include="include\yarp\os\end_pack_for_net.h">
      <Filter>Header Files</Filter>
    </ClInclude>
    <ClInclude Include="include\yarp\os\Event.h">
      <Filter>Header Files</Filter>
    </ClInclude>
    <ClInclude Include="include\yarp\os\IConfig.h">
      <Filter>Header Files</Filter>
    </ClInclude>
    <ClInclude Include="include\yarp\os\idl\WirePortable.h">
      <Filter>Header Files</Filter>
    </ClInclude>
    <ClInclude Include="include\yarp\os\idl\WireReader.h">
      <Filter>Header Files</Filter>
    </ClInclude>
    <ClInclude Include="include\yarp\os\idl\WireState.h">
      <Filter>Header Files</Filter>
    </ClInclude>
    <ClInclude Include="include\yarp\os\idl\WireTypes.h">
      <Filter>Header Files</Filter>
    </ClInclude>
    <ClInclude Include="include\yarp\os\idl\WireVocab.h">
      <Filter>Header Files</Filter>
    </ClInclude>
    <ClInclude Include="include\yarp\os\idl\WireWriter.h">
      <Filter>Header Files</Filter>
    </ClInclude>
    <ClInclude Include="include\yarp\os\impl\AbstractCarrier.h">
      <Filter>Header Files</Filter>
    </ClInclude>
    <ClInclude Include="include\yarp\os\impl\ACESemaphoreImpl.h">
      <Filter>Header Files</Filter>
    </ClInclude>
    <ClInclude Include="include\yarp\os\impl\Address.h">
      <Filter>Header Files</Filter>
    </ClInclude>
    <ClInclude Include="include\yarp\os\impl\AuthHMAC.h">
      <Filter>Header Files</Filter>
    </ClInclude>
    <ClInclude Include="include\yarp\os\impl\BottleImpl.h">
      <Filter>Header Files</Filter>
    </ClInclude>
    <ClInclude Include="include\yarp\os\impl\BufferedConnectionWriter.h">
      <Filter>Header Files</Filter>
    </ClInclude>
    <ClInclude Include="include\yarp\os\impl\Carrier.h">
      <Filter>Header Files</Filter>
    </ClInclude>
    <ClInclude Include="include\yarp\os\impl\Carriers.h">
      <Filter>Header Files</Filter>
    </ClInclude>
    <ClInclude Include="include\yarp\os\impl\Companion.h">
      <Filter>Header Files</Filter>
    </ClInclude>
    <ClInclude Include="include\yarp\os\impl\CXX11SemaphoreImpl.h">
      <Filter>Header Files</Filter>
    </ClInclude>
    <ClInclude Include="include\yarp\os\impl\DgramTwoWayStream.h">
      <Filter>Header Files</Filter>
    </ClInclude>
    <ClInclude Include="include\yarp\os\impl\Dispatcher.h">
      <Filter>Header Files</Filter>
    </ClInclude>
    <ClInclude Include="include\yarp\os\impl\Election.h">
      <Filter>Header Files</Filter>
    </ClInclude>
    <ClInclude Include="include\yarp\os\impl\Face.h">
      <Filter>Header Files</Filter>
    </ClInclude>
    <ClInclude Include="include\yarp\os\impl\FakeFace.h">
      <Filter>Header Files</Filter>
    </ClInclude>
    <ClInclude Include="include\yarp\os\impl\FakeTwoWayStream.h">
      <Filter>Header Files</Filter>
    </ClInclude>
    <ClInclude Include="include\yarp\os\impl\FallbackNameClient.h">
      <Filter>Header Files</Filter>
    </ClInclude>
    <ClInclude Include="include\yarp\os\impl\FallbackNameServer.h">
      <Filter>Header Files</Filter>
    </ClInclude>
    <ClInclude Include="include\yarp\os\impl\hmac\hmac_sha2.h">
      <Filter>Header Files</Filter>
    </ClInclude>
    <ClInclude Include="include\yarp\os\impl\hmac\sha2.h">
      <Filter>Header Files</Filter>
    </ClInclude>
    <ClInclude Include="include\yarp\os\impl\HttpCarrier.h">
      <Filter>Header Files</Filter>
    </ClInclude>
    <ClInclude Include="include\yarp\os\impl\InputProtocol.h">
      <Filter>Header Files</Filter>
    </ClInclude>
    <ClInclude Include="include\yarp\os\impl\IOException.h">
      <Filter>Header Files</Filter>
    </ClInclude>
    <ClInclude Include="include\yarp\os\impl\LocalCarrier.h">
      <Filter>Header Files</Filter>
    </ClInclude>
    <ClInclude Include="include\yarp\os\impl\Logger.h">
      <Filter>Header Files</Filter>
    </ClInclude>
    <ClInclude Include="include\yarp\os\impl\MachSemaphoreImpl.h">
      <Filter>Header Files</Filter>
    </ClInclude>
    <ClInclude Include="include\yarp\os\impl\McastCarrier.h">
      <Filter>Header Files</Filter>
    </ClInclude>
    <ClInclude Include="include\yarp\os\impl\ModifyingCarrier.h">
      <Filter>Header Files</Filter>
    </ClInclude>
    <ClInclude Include="include\yarp\os\impl\Name.h">
      <Filter>Header Files</Filter>
    </ClInclude>
    <ClInclude Include="include\yarp\os\impl\NameClient.h">
      <Filter>Header Files</Filter>
    </ClInclude>
    <ClInclude Include="include\yarp\os\impl\NameConfig.h">
      <Filter>Header Files</Filter>
    </ClInclude>
    <ClInclude Include="include\yarp\os\impl\NameserCarrier.h">
      <Filter>Header Files</Filter>
    </ClInclude>
    <ClInclude Include="include\yarp\os\impl\NameServer.h">
      <Filter>Header Files</Filter>
    </ClInclude>
    <ClInclude Include="include\yarp\os\impl\NetType.h">
      <Filter>Header Files</Filter>
    </ClInclude>
    <ClInclude Include="include\yarp\os\impl\OutputProtocol.h">
      <Filter>Header Files</Filter>
    </ClInclude>
    <ClInclude Include="include\yarp\os\impl\PlatformList.h">
      <Filter>Header Files</Filter>
    </ClInclude>
    <ClInclude Include="include\yarp\os\impl\PlatformMap.h">
      <Filter>Header Files</Filter>
    </ClInclude>
    <ClInclude Include="include\yarp\os\impl\PlatformSet.h">
      <Filter>Header Files</Filter>
    </ClInclude>
    <ClInclude Include="include\yarp\os\impl\PlatformSignal.h">
      <Filter>Header Files</Filter>
    </ClInclude>
    <ClInclude Include="include\yarp\os\impl\PlatformSize.h">
      <Filter>Header Files</Filter>
    </ClInclude>
    <ClInclude Include="include\yarp\os\impl\PlatformStdio.h">
      <Filter>Header Files</Filter>
    </ClInclude>
    <ClInclude Include="include\yarp\os\impl\PlatformStdlib.h">
      <Filter>Header Files</Filter>
    </ClInclude>
    <ClInclude Include="include\yarp\os\impl\PlatformThread.h">
      <Filter>Header Files</Filter>
    </ClInclude>
    <ClInclude Include="include\yarp\os\impl\PlatformTime.h">
      <Filter>Header Files</Filter>
    </ClInclude>
    <ClInclude Include="include\yarp\os\impl\PlatformVector.h">
      <Filter>Header Files</Filter>
    </ClInclude>
    <ClInclude Include="include\yarp\os\impl\PortCommand.h">
      <Filter>Header Files</Filter>
    </ClInclude>
    <ClInclude Include="include\yarp\os\impl\PortCore.h">
      <Filter>Header Files</Filter>
    </ClInclude>
    <ClInclude Include="include\yarp\os\impl\PortCoreInputUnit.h">
      <Filter>Header Files</Filter>
    </ClInclude>
    <ClInclude Include="include\yarp\os\impl\PortCoreOutputUnit.h">
      <Filter>Header Files</Filter>
    </ClInclude>
    <ClInclude Include="include\yarp\os\impl\PortCorePacket.h">
      <Filter>Header Files</Filter>
    </ClInclude>
    <ClInclude Include="include\yarp\os\impl\PortCoreUnit.h">
      <Filter>Header Files</Filter>
    </ClInclude>
    <ClInclude Include="include\yarp\os\impl\PortManager.h">
      <Filter>Header Files</Filter>
    </ClInclude>
    <ClInclude Include="include\yarp\os\impl\POSIXSemaphoreImpl.h">
      <Filter>Header Files</Filter>
    </ClInclude>
    <ClInclude Include="include\yarp\os\impl\Protocol.h">
      <Filter>Header Files</Filter>
    </ClInclude>
    <ClInclude Include="include\yarp\os\impl\Route.h">
      <Filter>Header Files</Filter>
    </ClInclude>
    <ClInclude Include="include\yarp\os\impl\RunCheckpoints.h">
      <Filter>Header Files</Filter>
    </ClInclude>
    <ClInclude Include="include\yarp\os\impl\Runnable.h">
      <Filter>Header Files</Filter>
    </ClInclude>
    <ClInclude Include="include\yarp\os\impl\RunProcManager.h">
      <Filter>Header Files</Filter>
    </ClInclude>
    <ClInclude Include="include\yarp\os\impl\RunReadWrite.h">
      <Filter>Header Files</Filter>
    </ClInclude>
    <ClInclude Include="include\yarp\os\impl\SemaphoreImpl.h">
      <Filter>Header Files</Filter>
    </ClInclude>
    <ClInclude Include="include\yarp\os\impl\ShiftStream.h">
      <Filter>Header Files</Filter>
    </ClInclude>
    <ClInclude Include="include\yarp\os\impl\ShmemCarrier.h">
      <Filter>Header Files</Filter>
    </ClInclude>
    <ClInclude Include="include\yarp\os\impl\ShmemHybridStream.h">
      <Filter>Header Files</Filter>
    </ClInclude>
    <ClInclude Include="include\yarp\os\impl\ShmemInputStream.h">
      <Filter>Header Files</Filter>
    </ClInclude>
    <ClInclude Include="include\yarp\os\impl\ShmemOutputStream.h">
      <Filter>Header Files</Filter>
    </ClInclude>
    <ClInclude Include="include\yarp\os\impl\ShmemTwoWayStream.h">
      <Filter>Header Files</Filter>
    </ClInclude>
    <ClInclude Include="include\yarp\os\impl\ShmemTypes.h">
      <Filter>Header Files</Filter>
    </ClInclude>
    <ClInclude Include="include\yarp\os\impl\SizedWriter.h">
      <Filter>Header Files</Filter>
    </ClInclude>
    <ClInclude Include="include\yarp\os\impl\SocketTwoWayStream.h">
      <Filter>Header Files</Filter>
    </ClInclude>
    <ClInclude Include="include\yarp\os\impl\SplitString.h">
      <Filter>Header Files</Filter>
    </ClInclude>
    <ClInclude Include="include\yarp\os\impl\StreamConnectionReader.h">
      <Filter>Header Files</Filter>
    </ClInclude>
    <ClInclude Include="include\yarp\os\impl\String.h">
      <Filter>Header Files</Filter>
    </ClInclude>
    <ClInclude Include="include\yarp\os\impl\StringInputStream.h">
      <Filter>Header Files</Filter>
    </ClInclude>
    <ClInclude Include="include\yarp\os\impl\StringOutputStream.h">
      <Filter>Header Files</Filter>
    </ClInclude>
    <ClInclude Include="include\yarp\os\impl\SystemInfo.h">
      <Filter>Header Files</Filter>
    </ClInclude>
    <ClInclude Include="include\yarp\os\impl\SystemInfoSerializer.h">
      <Filter>Header Files</Filter>
    </ClInclude>
    <ClInclude Include="include\yarp\os\impl\TcpAcceptor.h">
      <Filter>Header Files</Filter>
    </ClInclude>
    <ClInclude Include="include\yarp\os\impl\TcpCarrier.h">
      <Filter>Header Files</Filter>
    </ClInclude>
    <ClInclude Include="include\yarp\os\impl\TcpConnector.h">
      <Filter>Header Files</Filter>
    </ClInclude>
    <ClInclude Include="include\yarp\os\impl\TcpFace.h">
      <Filter>Header Files</Filter>
    </ClInclude>
    <ClInclude Include="include\yarp\os\impl\TcpStream.h">
      <Filter>Header Files</Filter>
    </ClInclude>
    <ClInclude Include="include\yarp\os\impl\TextCarrier.h">
      <Filter>Header Files</Filter>
    </ClInclude>
    <ClInclude Include="include\yarp\os\impl\ThreadImpl.h">
      <Filter>Header Files</Filter>
    </ClInclude>
    <ClInclude Include="include\yarp\os\impl\TwoWayStream.h">
      <Filter>Header Files</Filter>
    </ClInclude>
    <ClInclude Include="include\yarp\os\impl\UdpCarrier.h">
      <Filter>Header Files</Filter>
    </ClInclude>
    <ClInclude Include="include\yarp\os\impl\UnitTest.h">
      <Filter>Header Files</Filter>
    </ClInclude>
    <ClInclude Include="include\yarp\os\impl\ydr.h">
      <Filter>Header Files</Filter>
    </ClInclude>
    <ClInclude Include="include\yarp\os\InputStream.h">
      <Filter>Header Files</Filter>
    </ClInclude>
    <ClInclude Include="include\yarp\os\LocalReader.h">
      <Filter>Header Files</Filter>
    </ClInclude>
    <ClInclude Include="include\yarp\os\Log.h">
      <Filter>Header Files</Filter>
    </ClInclude>
    <ClInclude Include="include\yarp\os\ManagedBytes.h">
      <Filter>Header Files</Filter>
    </ClInclude>
    <ClInclude Include="include\yarp\os\Module.h">
      <Filter>Header Files</Filter>
    </ClInclude>
    <ClInclude Include="include\yarp\os\MultiNameSpace.h">
      <Filter>Header Files</Filter>
    </ClInclude>
    <ClInclude Include="include\yarp\os\NameSpace.h">
      <Filter>Header Files</Filter>
    </ClInclude>
    <ClInclude Include="include\yarp\os\NameStore.h">
      <Filter>Header Files</Filter>
    </ClInclude>
    <ClInclude Include="include\yarp\os\NetFloat32.h">
      <Filter>Header Files</Filter>
    </ClInclude>
    <ClInclude Include="include\yarp\os\NetFloat64.h">
      <Filter>Header Files</Filter>
    </ClInclude>
    <ClInclude Include="include\yarp\os\NetInt16.h">
      <Filter>Header Files</Filter>
    </ClInclude>
    <ClInclude Include="include\yarp\os\NetInt32.h">
      <Filter>Header Files</Filter>
    </ClInclude>
    <ClInclude Include="include\yarp\os\NetInt64.h">
      <Filter>Header Files</Filter>
    </ClInclude>
    <ClInclude Include="include\yarp\os\NetUint16.h">
      <Filter>Header Files</Filter>
    </ClInclude>
    <ClInclude Include="include\yarp\os\NetUint32.h">
      <Filter>Header Files</Filter>
    </ClInclude>
    <ClInclude Include="include\yarp\os\NetUint64.h">
      <Filter>Header Files</Filter>
    </ClInclude>
    <ClInclude Include="include\yarp\os\Network.h">
      <Filter>Header Files</Filter>
    </ClInclude>
    <ClInclude Include="include\yarp\os\NullConnectionReader.h">
      <Filter>Header Files</Filter>
    </ClInclude>
    <ClInclude Include="include\yarp\os\NullConnectionWriter.h">
      <Filter>Header Files</Filter>
    </ClInclude>
    <ClInclude Include="include\yarp\os\Os.h">
      <Filter>Header Files</Filter>
    </ClInclude>
    <ClInclude Include="include\yarp\os\OutputStream.h">
      <Filter>Header Files</Filter>
    </ClInclude>
    <ClInclude Include="include\yarp\os\Ping.h">
      <Filter>Header Files</Filter>
    </ClInclude>
    <ClInclude Include="include\yarp\os\Port.h">
      <Filter>Header Files</Filter>
    </ClInclude>
    <ClInclude Include="include\yarp\os\Portable.h">
      <Filter>Header Files</Filter>
    </ClInclude>
    <ClInclude Include="include\yarp\os\PortablePair.h">
      <Filter>Header Files</Filter>
    </ClInclude>
    <ClInclude Include="include\yarp\os\PortInfo.h">
      <Filter>Header Files</Filter>
    </ClInclude>
    <ClInclude Include="include\yarp\os\PortReader.h">
      <Filter>Header Files</Filter>
    </ClInclude>
    <ClInclude Include="include\yarp\os\PortReaderBuffer.h">
      <Filter>Header Files</Filter>
    </ClInclude>
    <ClInclude Include="include\yarp\os\PortReaderCreator.h">
      <Filter>Header Files</Filter>
    </ClInclude>
    <ClInclude Include="include\yarp\os\PortReport.h">
      <Filter>Header Files</Filter>
    </ClInclude>
    <ClInclude Include="include\yarp\os\PortWriter.h">
      <Filter>Header Files</Filter>
    </ClInclude>
    <ClInclude Include="include\yarp\os\PortWriterBuffer.h">
      <Filter>Header Files</Filter>
    </ClInclude>
    <ClInclude Include="include\yarp\os\Property.h">
      <Filter>Header Files</Filter>
    </ClInclude>
    <ClInclude Include="include\yarp\os\Random.h">
      <Filter>Header Files</Filter>
    </ClInclude>
    <ClInclude Include="include\yarp\os\RateThread.h">
      <Filter>Header Files</Filter>
    </ClInclude>
    <ClInclude Include="include\yarp\os\ResourceFinder.h">
      <Filter>Header Files</Filter>
    </ClInclude>
    <ClInclude Include="include\yarp\os\RFModule.h">
      <Filter>Header Files</Filter>
    </ClInclude>
    <ClInclude Include="include\yarp\os\RosNameSpace.h">
      <Filter>Header Files</Filter>
    </ClInclude>
    <ClInclude Include="include\yarp\os\RpcClient.h">
      <Filter>Header Files</Filter>
    </ClInclude>
    <ClInclude Include="include\yarp\os\RpcServer.h">
      <Filter>Header Files</Filter>
    </ClInclude>
    <ClInclude Include="include\yarp\os\Run.h">
      <Filter>Header Files</Filter>
    </ClInclude>
    <ClInclude Include="include\yarp\os\Runnable.h">
      <Filter>Header Files</Filter>
    </ClInclude>
    <ClInclude Include="include\yarp\os\Searchable.h">
      <Filter>Header Files</Filter>
    </ClInclude>
    <ClInclude Include="include\yarp\os\Semaphore.h">
      <Filter>Header Files</Filter>
    </ClInclude>
    <ClInclude Include="include\yarp\os\SharedLibrary.h">
      <Filter>Header Files</Filter>
    </ClInclude>
    <ClInclude Include="include\yarp\os\SharedLibraryClass.h">
      <Filter>Header Files</Filter>
    </ClInclude>
    <ClInclude Include="include\yarp\os\SharedLibraryClassApi.h">
      <Filter>Header Files</Filter>
    </ClInclude>
    <ClInclude Include="include\yarp\os\SharedLibraryClassFactory.h">
      <Filter>Header Files</Filter>
    </ClInclude>
    <ClInclude Include="include\yarp\os\SharedLibraryFactory.h">
      <Filter>Header Files</Filter>
    </ClInclude>
    <ClInclude Include="include\yarp\os\Stamp.h">
      <Filter>Header Files</Filter>
    </ClInclude>
    <ClInclude Include="include\yarp\os\Terminator.h">
      <Filter>Header Files</Filter>
    </ClInclude>
    <ClInclude Include="include\yarp\os\Thread.h">
      <Filter>Header Files</Filter>
    </ClInclude>
    <ClInclude Include="include\yarp\os\Time.h">
      <Filter>Header Files</Filter>
    </ClInclude>
    <ClInclude Include="include\yarp\os\Value.h">
      <Filter>Header Files</Filter>
    </ClInclude>
    <ClInclude Include="include\yarp\os\Vocab.h">
      <Filter>Header Files</Filter>
    </ClInclude>
    <ClInclude Include="include\yarp\os\Wire.h">
      <Filter>Header Files</Filter>
    </ClInclude>
    <ClInclude Include="include\yarp\os\WireLink.h">
      <Filter>Header Files</Filter>
    </ClInclude>
    <ClInclude Include="include\yarp\os\YarpNameSpace.h">
      <Filter>Header Files</Filter>
    </ClInclude>
    <ClInclude Include="include\yarp\os\YarpPlugin.h">
      <Filter>Header Files</Filter>
    </ClInclude>
    <ClInclude Include="include\yarp\os\YarpPluginSelector.h">
      <Filter>Header Files</Filter>
    </ClInclude>
    <ClInclude Include="include\yarp\os\YarpPluginSettings.h">
      <Filter>Header Files</Filter>
    </ClInclude>
  </ItemGroup>
  <ItemGroup>
    <CustomBuild Include="CMakeLists.txt" />
  </ItemGroup>
  <ItemGroup>
    <Filter Include="Source Files">
      <UniqueIdentifier>{5BF5D31C-CFC9-476F-A696-F7110ED7122B}</UniqueIdentifier>
    </Filter>
    <Filter Include="Header Files">
      <UniqueIdentifier>{C3DC3F08-A0B7-4C85-B99C-5DEFA6533869}</UniqueIdentifier>
    </Filter>
  </ItemGroup>
</Project>
