Microsoft Visual Studio Solution File, Format Version 12.00
# Visual Studio Express 2012 for Windows Desktop
Project("{8BC9CEB8-8B4A-11D0-8D11-00A0C91BC942}") = "ALL_BUILD", "ALL_BUILD.vcxproj", "{9AE33B1B-7664-41BD-99CD-956245D9C291}"
	ProjectSection(ProjectDependencies) = postProject
		{9EA833C8-0BDA-4BB3-AB91-D7DFABEE31D9} = {9EA833C8-0BDA-4BB3-AB91-D7DFABEE31D9}
	EndProjectSection
EndProject
Project("{8BC9CEB8-8B4A-11D0-8D11-00A0C91BC942}") = "INSTALL", "INSTALL.vcxproj", "{57276E4A-4FF2-49AA-B05B-7AC3C4527BFF}"
	ProjectSection(ProjectDependencies) = postProject
		{9AE33B1B-7664-41BD-99CD-956245D9C291} = {9AE33B1B-7664-41BD-99CD-956245D9C291}
	EndProjectSection
EndProject
Project("{8BC9CEB8-8B4A-11D0-8D11-00A0C91BC942}") = "PACKAGE", "PACKAGE.vcxproj", "{BC65F18F-D9D8-4D51-B4C1-16D31E1B40ED}"
	ProjectSection(ProjectDependencies) = postProject
		{9AE33B1B-7664-41BD-99CD-956245D9C291} = {9AE33B1B-7664-41BD-99CD-956245D9C291}
	EndProjectSection
EndProject
Project("{8BC9CEB8-8B4A-11D0-8D11-00A0C91BC942}") = "RUN_TESTS", "RUN_TESTS.vcxproj", "{4F4BEC2D-FBC8-4177-9E7B-ECECB38697CE}"
	ProjectSection(ProjectDependencies) = postProject
	EndProjectSection
EndProject
Project("{8BC9CEB8-8B4A-11D0-8D11-00A0C91BC942}") = "YARP_OS", "YARP_OS.vcxproj", "{9EA833C8-0BDA-4BB3-AB91-D7DFABEE31D9}"
	ProjectSection(ProjectDependencies) = postProject
		{F8E08145-43D9-4FA0-AEEB-160F95DA1322} = {F8E08145-43D9-4FA0-AEEB-160F95DA1322}
	EndProjectSection
EndProject
Project("{8BC9CEB8-8B4A-11D0-8D11-00A0C91BC942}") = "ZERO_CHECK", "..\..\ZERO_CHECK.vcxproj", "{F8E08145-43D9-4FA0-AEEB-160F95DA1322}"
	ProjectSection(ProjectDependencies) = postProject
	EndProjectSection
EndProject
Global
	GlobalSection(SolutionConfigurationPlatforms) = preSolution
		Debug|Win32 = Debug|Win32
		Release|Win32 = Release|Win32
		MinSizeRel|Win32 = MinSizeRel|Win32
		RelWithDebInfo|Win32 = RelWithDebInfo|Win32
	EndGlobalSection
	GlobalSection(ProjectConfigurationPlatforms) = postSolution
		{9AE33B1B-7664-41BD-99CD-956245D9C291}.Debug|Win32.ActiveCfg = Debug|Win32
		{9AE33B1B-7664-41BD-99CD-956245D9C291}.Debug|Win32.Build.0 = Debug|Win32
		{9AE33B1B-7664-41BD-99CD-956245D9C291}.Release|Win32.ActiveCfg = Release|Win32
		{9AE33B1B-7664-41BD-99CD-956245D9C291}.Release|Win32.Build.0 = Release|Win32
		{9AE33B1B-7664-41BD-99CD-956245D9C291}.MinSizeRel|Win32.ActiveCfg = MinSizeRel|Win32
		{9AE33B1B-7664-41BD-99CD-956245D9C291}.MinSizeRel|Win32.Build.0 = MinSizeRel|Win32
		{9AE33B1B-7664-41BD-99CD-956245D9C291}.RelWithDebInfo|Win32.ActiveCfg = RelWithDebInfo|Win32
		{9AE33B1B-7664-41BD-99CD-956245D9C291}.RelWithDebInfo|Win32.Build.0 = RelWithDebInfo|Win32
		{57276E4A-4FF2-49AA-B05B-7AC3C4527BFF}.Debug|Win32.ActiveCfg = Debug|Win32
		{57276E4A-4FF2-49AA-B05B-7AC3C4527BFF}.Release|Win32.ActiveCfg = Release|Win32
		{57276E4A-4FF2-49AA-B05B-7AC3C4527BFF}.MinSizeRel|Win32.ActiveCfg = MinSizeRel|Win32
		{57276E4A-4FF2-49AA-B05B-7AC3C4527BFF}.RelWithDebInfo|Win32.ActiveCfg = RelWithDebInfo|Win32
		{BC65F18F-D9D8-4D51-B4C1-16D31E1B40ED}.Debug|Win32.ActiveCfg = Debug|Win32
		{BC65F18F-D9D8-4D51-B4C1-16D31E1B40ED}.Release|Win32.ActiveCfg = Release|Win32
		{BC65F18F-D9D8-4D51-B4C1-16D31E1B40ED}.MinSizeRel|Win32.ActiveCfg = MinSizeRel|Win32
		{BC65F18F-D9D8-4D51-B4C1-16D31E1B40ED}.RelWithDebInfo|Win32.ActiveCfg = RelWithDebInfo|Win32
		{4F4BEC2D-FBC8-4177-9E7B-ECECB38697CE}.Debug|Win32.ActiveCfg = Debug|Win32
		{4F4BEC2D-FBC8-4177-9E7B-ECECB38697CE}.Release|Win32.ActiveCfg = Release|Win32
		{4F4BEC2D-FBC8-4177-9E7B-ECECB38697CE}.MinSizeRel|Win32.ActiveCfg = MinSizeRel|Win32
		{4F4BEC2D-FBC8-4177-9E7B-ECECB38697CE}.RelWithDebInfo|Win32.ActiveCfg = RelWithDebInfo|Win32
		{9EA833C8-0BDA-4BB3-AB91-D7DFABEE31D9}.Debug|Win32.ActiveCfg = Debug|Win32
		{9EA833C8-0BDA-4BB3-AB91-D7DFABEE31D9}.Debug|Win32.Build.0 = Debug|Win32
		{9EA833C8-0BDA-4BB3-AB91-D7DFABEE31D9}.Release|Win32.ActiveCfg = Release|Win32
		{9EA833C8-0BDA-4BB3-AB91-D7DFABEE31D9}.Release|Win32.Build.0 = Release|Win32
		{9EA833C8-0BDA-4BB3-AB91-D7DFABEE31D9}.MinSizeRel|Win32.ActiveCfg = MinSizeRel|Win32
		{9EA833C8-0BDA-4BB3-AB91-D7DFABEE31D9}.MinSizeRel|Win32.Build.0 = MinSizeRel|Win32
		{9EA833C8-0BDA-4BB3-AB91-D7DFABEE31D9}.RelWithDebInfo|Win32.ActiveCfg = RelWithDebInfo|Win32
		{9EA833C8-0BDA-4BB3-AB91-D7DFABEE31D9}.RelWithDebInfo|Win32.Build.0 = RelWithDebInfo|Win32
		{F8E08145-43D9-4FA0-AEEB-160F95DA1322}.Debug|Win32.ActiveCfg = Debug|Win32
		{F8E08145-43D9-4FA0-AEEB-160F95DA1322}.Debug|Win32.Build.0 = Debug|Win32
		{F8E08145-43D9-4FA0-AEEB-160F95DA1322}.Release|Win32.ActiveCfg = Release|Win32
		{F8E08145-43D9-4FA0-AEEB-160F95DA1322}.Release|Win32.Build.0 = Release|Win32
		{F8E08145-43D9-4FA0-AEEB-160F95DA1322}.MinSizeRel|Win32.ActiveCfg = MinSizeRel|Win32
		{F8E08145-43D9-4FA0-AEEB-160F95DA1322}.MinSizeRel|Win32.Build.0 = MinSizeRel|Win32
		{F8E08145-43D9-4FA0-AEEB-160F95DA1322}.RelWithDebInfo|Win32.ActiveCfg = RelWithDebInfo|Win32
		{F8E08145-43D9-4FA0-AEEB-160F95DA1322}.RelWithDebInfo|Win32.Build.0 = RelWithDebInfo|Win32
	EndGlobalSection
	GlobalSection(ExtensibilityGlobals) = postSolution
	EndGlobalSection
	GlobalSection(ExtensibilityAddIns) = postSolution
	EndGlobalSection
EndGlobal
